
Microsoft Visual Studio Solution File, Format Version 12.00
# Visual Studio Version 17
VisualStudioVersion = 17.14.36414.22 d17.14
MinimumVisualStudioVersion = 10.0.40219.1
Project("{FAE04EC0-301F-11D3-BF4B-00C04F79EFBC}") = "PayrollManagementSystem", "PayrollManagementSystem.csproj", "{1E6F1581-4677-472E-B1C0-D5411C25B287}"
EndProject
Global
	GlobalSection(SolutionConfigurationPlatforms) = preSolution
		Debug|Any CPU = Debug|Any CPU
		Release|Any CPU = Release|Any CPU
	EndGlobalSection
	GlobalSection(ProjectConfigurationPlatforms) = postSolution
		{1E6F1581-4677-472E-B1C0-D5411C25B287}.Debug|Any CPU.ActiveCfg = Debug|Any CPU
		{1E6F1581-4677-472E-B1C0-D5411C25B287}.Debug|Any CPU.Build.0 = Debug|Any CPU
		{1E6F1581-4677-472E-B1C0-D5411C25B287}.Release|Any CPU.ActiveCfg = Release|Any CPU
		{1E6F1581-4677-472E-B1C0-D5411C25B287}.Release|Any CPU.Build.0 = Release|Any CPU
	EndGlobalSection
	GlobalSection(SolutionProperties) = preSolution
		HideSolutionNode = FALSE
	EndGlobalSection
	GlobalSection(ExtensibilityGlobals) = postSolution
		SolutionGuid = {833A904E-067E-4E46-BD66-3EF1D8EB9DB5}
	EndGlobalSection
EndGlobal
